
Microsoft Visual Studio Solution File, Format Version 12.00
# Visual Studio 2012
Project("{FAE04EC0-301F-11D3-BF4B-00C04F79EFBC}") = "DBLayer", "DBLayer\DBLayer.csproj", "{DB6BE8FF-A150-4BC3-965E-ED49EF99780F}"
EndProject
Project("{FAE04EC0-301F-11D3-BF4B-00C04F79EFBC}") = "InventorySalesDebtorsSystem", "InventorySalesDebtorsSytem\InventorySalesDebtorsSystem.csproj", "{5D837AD3-20F2-4C53-89BA-DAADA0DD06E8}"
EndProject
Project("{FAE04EC0-301F-11D3-BF4B-00C04F79EFBC}") = "CeyGlass.DataTransfer", "CeyGlass.DataTransfer\CeyGlass.DataTransfer.csproj", "{539D9E2D-7696-4D32-B6F6-A49D22073B09}"
EndProject
Project("{FAE04EC0-301F-11D3-BF4B-00C04F79EFBC}") = "CeyGlass.Services", "CeyGlass.Services\CeyGlass.Services.csproj", "{A7661CED-46BC-4B2E-9B5A-850990889174}"
EndProject
Project("{FAE04EC0-301F-11D3-BF4B-00C04F79EFBC}") = "CeyGlass.Services.Wcf", "CeyGlass.Services.Wcf\CeyGlass.Services.Wcf.csproj", "{9BA879EB-4D10-40F2-A277-DB472D045289}"
EndProject
Global
	GlobalSection(SolutionConfigurationPlatforms) = preSolution
		Debug|Any CPU = Debug|Any CPU
		Debug|Mixed Platforms = Debug|Mixed Platforms
		Debug|x86 = Debug|x86
		Release|Any CPU = Release|Any CPU
		Release|Mixed Platforms = Release|Mixed Platforms
		Release|x86 = Release|x86
	EndGlobalSection
	GlobalSection(ProjectConfigurationPlatforms) = postSolution
		{DB6BE8FF-A150-4BC3-965E-ED49EF99780F}.Debug|Any CPU.ActiveCfg = Debug|Any CPU
		{DB6BE8FF-A150-4BC3-965E-ED49EF99780F}.Debug|Any CPU.Build.0 = Debug|Any CPU
		{DB6BE8FF-A150-4BC3-965E-ED49EF99780F}.Debug|Mixed Platforms.ActiveCfg = Debug|Any CPU
		{DB6BE8FF-A150-4BC3-965E-ED49EF99780F}.Debug|Mixed Platforms.Build.0 = Debug|Any CPU
		{DB6BE8FF-A150-4BC3-965E-ED49EF99780F}.Debug|x86.ActiveCfg = Debug|Any CPU
		{DB6BE8FF-A150-4BC3-965E-ED49EF99780F}.Release|Any CPU.ActiveCfg = Release|Any CPU
		{DB6BE8FF-A150-4BC3-965E-ED49EF99780F}.Release|Any CPU.Build.0 = Release|Any CPU
		{DB6BE8FF-A150-4BC3-965E-ED49EF99780F}.Release|Mixed Platforms.ActiveCfg = Release|Any CPU
		{DB6BE8FF-A150-4BC3-965E-ED49EF99780F}.Release|Mixed Platforms.Build.0 = Release|Any CPU
		{DB6BE8FF-A150-4BC3-965E-ED49EF99780F}.Release|x86.ActiveCfg = Release|Any CPU
		{5D837AD3-20F2-4C53-89BA-DAADA0DD06E8}.Debug|Any CPU.ActiveCfg = Debug|x86
		{5D837AD3-20F2-4C53-89BA-DAADA0DD06E8}.Debug|Mixed Platforms.ActiveCfg = Debug|x86
		{5D837AD3-20F2-4C53-89BA-DAADA0DD06E8}.Debug|Mixed Platforms.Build.0 = Debug|x86
		{5D837AD3-20F2-4C53-89BA-DAADA0DD06E8}.Debug|x86.ActiveCfg = Debug|x86
		{5D837AD3-20F2-4C53-89BA-DAADA0DD06E8}.Debug|x86.Build.0 = Debug|x86
		{5D837AD3-20F2-4C53-89BA-DAADA0DD06E8}.Release|Any CPU.ActiveCfg = Release|x86
		{5D837AD3-20F2-4C53-89BA-DAADA0DD06E8}.Release|Mixed Platforms.ActiveCfg = Release|x86
		{5D837AD3-20F2-4C53-89BA-DAADA0DD06E8}.Release|Mixed Platforms.Build.0 = Release|x86
		{5D837AD3-20F2-4C53-89BA-DAADA0DD06E8}.Release|x86.ActiveCfg = Release|x86
		{5D837AD3-20F2-4C53-89BA-DAADA0DD06E8}.Release|x86.Build.0 = Release|x86
		{539D9E2D-7696-4D32-B6F6-A49D22073B09}.Debug|Any CPU.ActiveCfg = Debug|Any CPU
		{539D9E2D-7696-4D32-B6F6-A49D22073B09}.Debug|Any CPU.Build.0 = Debug|Any CPU
		{539D9E2D-7696-4D32-B6F6-A49D22073B09}.Debug|Mixed Platforms.ActiveCfg = Debug|Any CPU
		{539D9E2D-7696-4D32-B6F6-A49D22073B09}.Debug|Mixed Platforms.Build.0 = Debug|Any CPU
		{539D9E2D-7696-4D32-B6F6-A49D22073B09}.Debug|x86.ActiveCfg = Debug|Any CPU
		{539D9E2D-7696-4D32-B6F6-A49D22073B09}.Release|Any CPU.ActiveCfg = Release|Any CPU
		{539D9E2D-7696-4D32-B6F6-A49D22073B09}.Release|Any CPU.Build.0 = Release|Any CPU
		{539D9E2D-7696-4D32-B6F6-A49D22073B09}.Release|Mixed Platforms.ActiveCfg = Release|Any CPU
		{539D9E2D-7696-4D32-B6F6-A49D22073B09}.Release|Mixed Platforms.Build.0 = Release|Any CPU
		{539D9E2D-7696-4D32-B6F6-A49D22073B09}.Release|x86.ActiveCfg = Release|Any CPU
		{A7661CED-46BC-4B2E-9B5A-850990889174}.Debug|Any CPU.ActiveCfg = Debug|Any CPU
		{A7661CED-46BC-4B2E-9B5A-850990889174}.Debug|Any CPU.Build.0 = Debug|Any CPU
		{A7661CED-46BC-4B2E-9B5A-850990889174}.Debug|Mixed Platforms.ActiveCfg = Debug|Any CPU
		{A7661CED-46BC-4B2E-9B5A-850990889174}.Debug|Mixed Platforms.Build.0 = Debug|Any CPU
		{A7661CED-46BC-4B2E-9B5A-850990889174}.Debug|x86.ActiveCfg = Debug|Any CPU
		{A7661CED-46BC-4B2E-9B5A-850990889174}.Release|Any CPU.ActiveCfg = Release|Any CPU
		{A7661CED-46BC-4B2E-9B5A-850990889174}.Release|Any CPU.Build.0 = Release|Any CPU
		{A7661CED-46BC-4B2E-9B5A-850990889174}.Release|Mixed Platforms.ActiveCfg = Release|Any CPU
		{A7661CED-46BC-4B2E-9B5A-850990889174}.Release|Mixed Platforms.Build.0 = Release|Any CPU
		{A7661CED-46BC-4B2E-9B5A-850990889174}.Release|x86.ActiveCfg = Release|Any CPU
		{9BA879EB-4D10-40F2-A277-DB472D045289}.Debug|Any CPU.ActiveCfg = Debug|Any CPU
		{9BA879EB-4D10-40F2-A277-DB472D045289}.Debug|Any CPU.Build.0 = Debug|Any CPU
		{9BA879EB-4D10-40F2-A277-DB472D045289}.Debug|Mixed Platforms.ActiveCfg = Debug|Any CPU
		{9BA879EB-4D10-40F2-A277-DB472D045289}.Debug|Mixed Platforms.Build.0 = Debug|Any CPU
		{9BA879EB-4D10-40F2-A277-DB472D045289}.Debug|x86.ActiveCfg = Debug|Any CPU
		{9BA879EB-4D10-40F2-A277-DB472D045289}.Release|Any CPU.ActiveCfg = Release|Any CPU
		{9BA879EB-4D10-40F2-A277-DB472D045289}.Release|Any CPU.Build.0 = Release|Any CPU
		{9BA879EB-4D10-40F2-A277-DB472D045289}.Release|Mixed Platforms.ActiveCfg = Release|Any CPU
		{9BA879EB-4D10-40F2-A277-DB472D045289}.Release|Mixed Platforms.Build.0 = Release|Any CPU
		{9BA879EB-4D10-40F2-A277-DB472D045289}.Release|x86.ActiveCfg = Release|Any CPU
	EndGlobalSection
	GlobalSection(SolutionProperties) = preSolution
		HideSolutionNode = FALSE
	EndGlobalSection
EndGlobal
